
Microsoft Visual Studio Solution File, Format Version 12.00
# Visual Studio Version 17
VisualStudioVersion = 17.14.37411.7 d17.14
MinimumVisualStudioVersion = 10.0.40219.1
Project("{FAE04EC0-301F-11D3-BF4B-00C04F79EFBC}") = "Assignment-2", "Assignment-2.csproj", "{000C4748-080B-4EAE-8B0D-66BDB354091B}"
EndProject
Global
	GlobalSection(SolutionConfigurationPlatforms) = preSolution
		Debug|Any CPU = Debug|Any CPU
		Release|Any CPU = Release|Any CPU
	EndGlobalSection
	GlobalSection(ProjectConfigurationPlatforms) = postSolution
		{000C4748-080B-4EAE-8B0D-66BDB354091B}.Debug|Any CPU.ActiveCfg = Debug|Any CPU
		{000C4748-080B-4EAE-8B0D-66BDB354091B}.Debug|Any CPU.Build.0 = Debug|Any CPU
		{000C4748-080B-4EAE-8B0D-66BDB354091B}.Release|Any CPU.ActiveCfg = Release|Any CPU
		{000C4748-080B-4EAE-8B0D-66BDB354091B}.Release|Any CPU.Build.0 = Release|Any CPU
	EndGlobalSection
	GlobalSection(SolutionProperties) = preSolution
		HideSolutionNode = FALSE
	EndGlobalSection
	GlobalSection(ExtensibilityGlobals) = postSolution
		SolutionGuid = {034EB6A6-BBA4-4B67-A292-70392F2D2CBB}
	EndGlobalSection
EndGlobal
